
Microsoft Visual Studio Solution File, Format Version 12.00
# Visual Studio Version 17
VisualStudioVersion = 17.4.33213.308
MinimumVisualStudioVersion = 10.0.40219.1
Project("{9A19103F-16F7-4668-BE54-9A1E7A4F7556}") = "OData.Implementation.API", "OData.Implementation.API\OData.Implementation.API.csproj", "{381C0930-1B22-45D3-8013-90D639B8A1D0}"
EndProject
Project("{FAE04EC0-301F-11D3-BF4B-00C04F79EFBC}") = "ODataConsoleApp", "ODataConsoleApp\ODataConsoleApp.csproj", "{6D81AA20-FF0B-4CA8-A5E5-3CE9A5A21A2B}"
EndProject
Global
	GlobalSection(SolutionConfigurationPlatforms) = preSolution
		Debug|Any CPU = Debug|Any CPU
		Release|Any CPU = Release|Any CPU
	EndGlobalSection
	GlobalSection(ProjectConfigurationPlatforms) = postSolution
		{381C0930-1B22-45D3-8013-90D639B8A1D0}.Debug|Any CPU.ActiveCfg = Debug|Any CPU
		{381C0930-1B22-45D3-8013-90D639B8A1D0}.Debug|Any CPU.Build.0 = Debug|Any CPU
		{381C0930-1B22-45D3-8013-90D639B8A1D0}.Release|Any CPU.ActiveCfg = Release|Any CPU
		{381C0930-1B22-45D3-8013-90D639B8A1D0}.Release|Any CPU.Build.0 = Release|Any CPU
		{6D81AA20-FF0B-4CA8-A5E5-3CE9A5A21A2B}.Debug|Any CPU.ActiveCfg = Debug|Any CPU
		{6D81AA20-FF0B-4CA8-A5E5-3CE9A5A21A2B}.Debug|Any CPU.Build.0 = Debug|Any CPU
		{6D81AA20-FF0B-4CA8-A5E5-3CE9A5A21A2B}.Release|Any CPU.ActiveCfg = Release|Any CPU
		{6D81AA20-FF0B-4CA8-A5E5-3CE9A5A21A2B}.Release|Any CPU.Build.0 = Release|Any CPU
	EndGlobalSection
	GlobalSection(SolutionProperties) = preSolution
		HideSolutionNode = FALSE
	EndGlobalSection
	GlobalSection(ExtensibilityGlobals) = postSolution
		SolutionGuid = {4A6892C4-2483-4468-A90E-FBF278256668}
	EndGlobalSection
EndGlobal
